
Microsoft Visual Studio Solution File, Format Version 12.00
# Visual Studio Version 16
VisualStudioVersion = 16.0.30804.86
MinimumVisualStudioVersion = 10.0.40219.1
Project("{FAE04EC0-301F-11D3-BF4B-00C04F79EFBC}") = "SharpByPassUAC", "SharpByPassUAC.csproj", "{3D928C24-84B7-4337-BD1E-4BEBB0E92CC4}"
EndProject
Global
	GlobalSection(SolutionConfigurationPlatforms) = preSolution
		Debug|Any CPU = Debug|Any CPU
		Release|Any CPU = Release|Any CPU
	EndGlobalSection
	GlobalSection(ProjectConfigurationPlatforms) = postSolution
		{3D928C24-84B7-4337-BD1E-4BEBB0E92CC4}.Debug|Any CPU.ActiveCfg = Debug|Any CPU
		{3D928C24-84B7-4337-BD1E-4BEBB0E92CC4}.Debug|Any CPU.Build.0 = Debug|Any CPU
		{3D928C24-84B7-4337-BD1E-4BEBB0E92CC4}.Release|Any CPU.ActiveCfg = Release|Any CPU
		{3D928C24-84B7-4337-BD1E-4BEBB0E92CC4}.Release|Any CPU.Build.0 = Release|Any CPU
	EndGlobalSection
	GlobalSection(SolutionProperties) = preSolution
		HideSolutionNode = FALSE
	EndGlobalSection
	GlobalSection(ExtensibilityGlobals) = postSolution
		SolutionGuid = {AF08825E-0478-4E4F-93E7-26D9DB272F7D}
	EndGlobalSection
EndGlobal
